
Microsoft Visual Studio Solution File, Format Version 12.00
# Visual Studio Version 16
VisualStudioVersion = 16.0.31129.286
MinimumVisualStudioVersion = 10.0.40219.1
Project("{FAE04EC0-301F-11D3-BF4B-00C04F79EFBC}") = "Aplikacja_Kliencka", "Aplikacja_Kliencka\Aplikacja_Kliencka.csproj", "{7F029CE1-34FF-4FC6-8CD2-C2CA71B0F163}"
EndProject
Global
	GlobalSection(SolutionConfigurationPlatforms) = preSolution
		Debug|Any CPU = Debug|Any CPU
		Release|Any CPU = Release|Any CPU
	EndGlobalSection
	GlobalSection(ProjectConfigurationPlatforms) = postSolution
		{7F029CE1-34FF-4FC6-8CD2-C2CA71B0F163}.Debug|Any CPU.ActiveCfg = Debug|Any CPU
		{7F029CE1-34FF-4FC6-8CD2-C2CA71B0F163}.Debug|Any CPU.Build.0 = Debug|Any CPU
		{7F029CE1-34FF-4FC6-8CD2-C2CA71B0F163}.Release|Any CPU.ActiveCfg = Release|Any CPU
		{7F029CE1-34FF-4FC6-8CD2-C2CA71B0F163}.Release|Any CPU.Build.0 = Release|Any CPU
	EndGlobalSection
	GlobalSection(SolutionProperties) = preSolution
		HideSolutionNode = FALSE
	EndGlobalSection
	GlobalSection(ExtensibilityGlobals) = postSolution
		SolutionGuid = {AF9F5D61-4787-4333-ACED-032CC5AD0BA2}
	EndGlobalSection
EndGlobal
